// !$*UTF8*$!
{
	archiveVersion = 1;
	classes = {
	};
	objectVersion = 46;
	objects = {

/* Begin PBXBuildFile section */
		B591F63F1B1B3CA900AFAADC /* AppDelegate.swift in Sources */ = {isa = PBXBuildFile; fileRef = B591F63E1B1B3CA900AFAADC /* AppDelegate.swift */; };
		B591F6441B1B3CA900AFAADC /* Main.storyboard in Resources */ = {isa = PBXBuildFile; fileRef = B591F6421B1B3CA900AFAADC /* Main.storyboard */; };
		B591F6461B1B3CA900AFAADC /* Images.xcassets in Resources */ = {isa = PBXBuildFile; fileRef = B591F6451B1B3CA900AFAADC /* Images.xcassets */; };
		B591F6491B1B3CA900AFAADC /* LaunchScreen.xib in Resources */ = {isa = PBXBuildFile; fileRef = B591F6471B1B3CA900AFAADC /* LaunchScreen.xib */; };
		B591F6551B1B3CA900AFAADC /* ResponderDemoTests.swift in Sources */ = {isa = PBXBuildFile; fileRef = B591F6541B1B3CA900AFAADC /* ResponderDemoTests.swift */; };
		B591F65F1B1BCA2300AFAADC /* CopyPasteViewController.swift in Sources */ = {isa = PBXBuildFile; fileRef = B591F65E1B1BCA2300AFAADC /* CopyPasteViewController.swift */; };
		B591F6611B1BD10F00AFAADC /* HitTestViewController.swift in Sources */ = {isa = PBXBuildFile; fileRef = B591F6601B1BD10F00AFAADC /* HitTestViewController.swift */; };
		B591F6631B1C043E00AFAADC /* CustomInputViewController.swift in Sources */ = {isa = PBXBuildFile; fileRef = B591F6621B1C043E00AFAADC /* CustomInputViewController.swift */; };
		B591F6651B1C051400AFAADC /* PhoneInputTextLabel.swift in Sources */ = {isa = PBXBuildFile; fileRef = B591F6641B1C051400AFAADC /* PhoneInputTextLabel.swift */; };
/* End PBXBuildFile section */

/* Begin PBXContainerItemProxy section */
		B591F64F1B1B3CA900AFAADC /* PBXContainerItemProxy */ = {
			isa = PBXContainerItemProxy;
			containerPortal = B591F6311B1B3CA900AFAADC /* Project object */;
			proxyType = 1;
			remoteGlobalIDString = B591F6381B1B3CA900AFAADC;
			remoteInfo = ResponderDemo;
		};
/* End PBXContainerItemProxy section */

/* Begin PBXFileReference section */
		B591F6391B1B3CA900AFAADC /* ResponderDemo.app */ = {isa = PBXFileReference; explicitFileType = wrapper.application; includeInIndex = 0; path = ResponderDemo.app; sourceTree = BUILT_PRODUCTS_DIR; };
		B591F63D1B1B3CA900AFAADC /* Info.plist */ = {isa = PBXFileReference; lastKnownFileType = text.plist.xml; path = Info.plist; sourceTree = "<group>"; };
		B591F63E1B1B3CA900AFAADC /* AppDelegate.swift */ = {isa = PBXFileReference; lastKnownFileType = sourcecode.swift; path = AppDelegate.swift; sourceTree = "<group>"; };
		B591F6431B1B3CA900AFAADC /* Base */ = {isa = PBXFileReference; lastKnownFileType = file.storyboard; name = Base; path = Base.lproj/Main.storyboard; sourceTree = "<group>"; };
		B591F6451B1B3CA900AFAADC /* Images.xcassets */ = {isa = PBXFileReference; lastKnownFileType = folder.assetcatalog; path = Images.xcassets; sourceTree = "<group>"; };
		B591F6481B1B3CA900AFAADC /* Base */ = {isa = PBXFileReference; lastKnownFileType = file.xib; name = Base; path = Base.lproj/LaunchScreen.xib; sourceTree = "<group>"; };
		B591F64E1B1B3CA900AFAADC /* ResponderDemoTests.xctest */ = {isa = PBXFileReference; explicitFileType = wrapper.cfbundle; includeInIndex = 0; path = ResponderDemoTests.xctest; sourceTree = BUILT_PRODUCTS_DIR; };
		B591F6531B1B3CA900AFAADC /* Info.plist */ = {isa = PBXFileReference; lastKnownFileType = text.plist.xml; path = Info.plist; sourceTree = "<group>"; };
		B591F6541B1B3CA900AFAADC /* ResponderDemoTests.swift */ = {isa = PBXFileReference; lastKnownFileType = sourcecode.swift; path = ResponderDemoTests.swift; sourceTree = "<group>"; };
		B591F65E1B1BCA2300AFAADC /* CopyPasteViewController.swift */ = {isa = PBXFileReference; fileEncoding = 4; lastKnownFileType = sourcecode.swift; path = CopyPasteViewController.swift; sourceTree = "<group>"; };
		B591F6601B1BD10F00AFAADC /* HitTestViewController.swift */ = {isa = PBXFileReference; fileEncoding = 4; lastKnownFileType = sourcecode.swift; path = HitTestViewController.swift; sourceTree = "<group>"; };
		B591F6621B1C043E00AFAADC /* CustomInputViewController.swift */ = {isa = PBXFileReference; fileEncoding = 4; lastKnownFileType = sourcecode.swift; path = CustomInputViewController.swift; sourceTree = "<group>"; };
		B591F6641B1C051400AFAADC /* PhoneInputTextLabel.swift */ = {isa = PBXFileReference; fileEncoding = 4; lastKnownFileType = sourcecode.swift; path = PhoneInputTextLabel.swift; sourceTree = "<group>"; };
/* End PBXFileReference section */

/* Begin PBXFrameworksBuildPhase section */
		B591F6361B1B3CA900AFAADC /* Frameworks */ = {
			isa = PBXFrameworksBuildPhase;
			buildActionMask = 2147483647;
			files = (
			);
			runOnlyForDeploymentPostprocessing = 0;
		};
		B591F64B1B1B3CA900AFAADC /* Frameworks */ = {
			isa = PBXFrameworksBuildPhase;
			buildActionMask = 2147483647;
			files = (
			);
			runOnlyForDeploymentPostprocessing = 0;
		};
/* End PBXFrameworksBuildPhase section */

/* Begin PBXGroup section */
		B591F6301B1B3CA900AFAADC = {
			isa = PBXGroup;
			children = (
				B591F63B1B1B3CA900AFAADC /* ResponderDemo */,
				B591F6511B1B3CA900AFAADC /* ResponderDemoTests */,
				B591F63A1B1B3CA900AFAADC /* Products */,
			);
			sourceTree = "<group>";
		};
		B591F63A1B1B3CA900AFAADC /* Products */ = {
			isa = PBXGroup;
			children = (
				B591F6391B1B3CA900AFAADC /* ResponderDemo.app */,
				B591F64E1B1B3CA900AFAADC /* ResponderDemoTests.xctest */,
			);
			name = Products;
			sourceTree = "<group>";
		};
		B591F63B1B1B3CA900AFAADC /* ResponderDemo */ = {
			isa = PBXGroup;
			children = (
				B591F63E1B1B3CA900AFAADC /* AppDelegate.swift */,
				B591F6421B1B3CA900AFAADC /* Main.storyboard */,
				B591F6451B1B3CA900AFAADC /* Images.xcassets */,
				B591F6471B1B3CA900AFAADC /* LaunchScreen.xib */,
				B591F63C1B1B3CA900AFAADC /* Supporting Files */,
				B591F65E1B1BCA2300AFAADC /* CopyPasteViewController.swift */,
				B591F6601B1BD10F00AFAADC /* HitTestViewController.swift */,
				B591F6621B1C043E00AFAADC /* CustomInputViewController.swift */,
				B591F6641B1C051400AFAADC /* PhoneInputTextLabel.swift */,
			);
			path = ResponderDemo;
			sourceTree = "<group>";
		};
		B591F63C1B1B3CA900AFAADC /* Supporting Files */ = {
			isa = PBXGroup;
			children = (
				B591F63D1B1B3CA900AFAADC /* Info.plist */,
			);
			name = "Supporting Files";
			sourceTree = "<group>";
		};
		B591F6511B1B3CA900AFAADC /* ResponderDemoTests */ = {
			isa = PBXGroup;
			children = (
				B591F6541B1B3CA900AFAADC /* ResponderDemoTests.swift */,
				B591F6521B1B3CA900AFAADC /* Supporting Files */,
			);
			path = ResponderDemoTests;
			sourceTree = "<group>";
		};
		B591F6521B1B3CA900AFAADC /* Supporting Files */ = {
			isa = PBXGroup;
			children = (
				B591F6531B1B3CA900AFAADC /* Info.plist */,
			);
			name = "Supporting Files";
			sourceTree = "<group>";
		};
/* End PBXGroup section */

/* Begin PBXNativeTarget section */
		B591F6381B1B3CA900AFAADC /* ResponderDemo */ = {
			isa = PBXNativeTarget;
			buildConfigurationList = B591F6581B1B3CA900AFAADC /* Build configuration list for PBXNativeTarget "ResponderDemo" */;
			buildPhases = (
				B591F6351B1B3CA900AFAADC /* Sources */,
				B591F6361B1B3CA900AFAADC /* Frameworks */,
				B591F6371B1B3CA900AFAADC /* Resources */,
			);
			buildRules = (
			);
			dependencies = (
			);
			name = ResponderDemo;
			productName = ResponderDemo;
			productReference = B591F6391B1B3CA900AFAADC /* ResponderDemo.app */;
			productType = "com.apple.product-type.application";
		};
		B591F64D1B1B3CA900AFAADC /* ResponderDemoTests */ = {
			isa = PBXNativeTarget;
			buildConfigurationList = B591F65B1B1B3CA900AFAADC /* Build configuration list for PBXNativeTarget "ResponderDemoTests" */;
			buildPhases = (
				B591F64A1B1B3CA900AFAADC /* Sources */,
				B591F64B1B1B3CA900AFAADC /* Frameworks */,
				B591F64C1B1B3CA900AFAADC /* Resources */,
			);
			buildRules = (
			);
			dependencies = (
				B591F6501B1B3CA900AFAADC /* PBXTargetDependency */,
			);
			name = ResponderDemoTests;
			productName = ResponderDemoTests;
			productReference = B591F64E1B1B3CA900AFAADC /* ResponderDemoTests.xctest */;
			productType = "com.apple.product-type.bundle.unit-test";
		};
/* End PBXNativeTarget section */

/* Begin PBXProject section */
		B591F6311B1B3CA900AFAADC /* Project object */ = {
			isa = PBXProject;
			attributes = {
				LastUpgradeCheck = 0630;
				ORGANIZATIONNAME = CodePath;
				TargetAttributes = {
					B591F6381B1B3CA900AFAADC = {
						CreatedOnToolsVersion = 6.3.2;
					};
					B591F64D1B1B3CA900AFAADC = {
						CreatedOnToolsVersion = 6.3.2;
						TestTargetID = B591F6381B1B3CA900AFAADC;
					};
				};
			};
			buildConfigurationList = B591F6341B1B3CA900AFAADC /* Build configuration list for PBXProject "ResponderDemo" */;
			compatibilityVersion = "Xcode 3.2";
			developmentRegion = English;
			hasScannedForEncodings = 0;
			knownRegions = (
				en,
				Base,
			);
			mainGroup = B591F6301B1B3CA900AFAADC;
			productRefGroup = B591F63A1B1B3CA900AFAADC /* Products */;
			projectDirPath = "";
			projectRoot = "";
			targets = (
				B591F6381B1B3CA900AFAADC /* ResponderDemo */,
				B591F64D1B1B3CA900AFAADC /* ResponderDemoTests */,
			);
		};
/* End PBXProject section */

/* Begin PBXResourcesBuildPhase section */
		B591F6371B1B3CA900AFAADC /* Resources */ = {
			isa = PBXResourcesBuildPhase;
			buildActionMask = 2147483647;
			files = (
				B591F6441B1B3CA900AFAADC /* Main.storyboard in Resources */,
				B591F6491B1B3CA900AFAADC /* LaunchScreen.xib in Resources */,
				B591F6461B1B3CA900AFAADC /* Images.xcassets in Resources */,
			);
			runOnlyForDeploymentPostprocessing = 0;
		};
		B591F64C1B1B3CA900AFAADC /* Resources */ = {
			isa = PBXResourcesBuildPhase;
			buildActionMask = 2147483647;
			files = (
			);
			runOnlyForDeploymentPostprocessing = 0;
		};
/* End PBXResourcesBuildPhase section */

/* Begin PBXSourcesBuildPhase section */
		B591F6351B1B3CA900AFAADC /* Sources */ = {
			isa = PBXSourcesBuildPhase;
			buildActionMask = 2147483647;
			files = (
				B591F6631B1C043E00AFAADC /* CustomInputViewController.swift in Sources */,
				B591F6651B1C051400AFAADC /* PhoneInputTextLabel.swift in Sources */,
				B591F65F1B1BCA2300AFAADC /* CopyPasteViewController.swift in Sources */,
				B591F6611B1BD10F00AFAADC /* HitTestViewController.swift in Sources */,
				B591F63F1B1B3CA900AFAADC /* AppDelegate.swift in Sources */,
			);
			runOnlyForDeploymentPostprocessing = 0;
		};
		B591F64A1B1B3CA900AFAADC /* Sources */ = {
			isa = PBXSourcesBuildPhase;
			buildActionMask = 2147483647;
			files = (
				B591F6551B1B3CA900AFAADC /* ResponderDemoTests.swift in Sources */,
			);
			runOnlyForDeploymentPostprocessing = 0;
		};
/* End PBXSourcesBuildPhase section */

/* Begin PBXTargetDependency section */
		B591F6501B1B3CA900AFAADC /* PBXTargetDependency */ = {
			isa = PBXTargetDependency;
			target = B591F6381B1B3CA900AFAADC /* ResponderDemo */;
			targetProxy = B591F64F1B1B3CA900AFAADC /* PBXContainerItemProxy */;
		};
/* End PBXTargetDependency section */

/* Begin PBXVariantGroup section */
		B591F6421B1B3CA900AFAADC /* Main.storyboard */ = {
			isa = PBXVariantGroup;
			children = (
				B591F6431B1B3CA900AFAADC /* Base */,
			);
			name = Main.storyboard;
			sourceTree = "<group>";
		};
		B591F6471B1B3CA900AFAADC /* LaunchScreen.xib */ = {
			isa = PBXVariantGroup;
			children = (
				B591F6481B1B3CA900AFAADC /* Base */,
			);
			name = LaunchScreen.xib;
			sourceTree = "<group>";
		};
/* End PBXVariantGroup section */

/* Begin XCBuildConfiguration section */
		B591F6561B1B3CA900AFAADC /* Debug */ = {
			isa = XCBuildConfiguration;
			buildSettings = {
				ALWAYS_SEARCH_USER_PATHS = NO;
				CLANG_CXX_LANGUAGE_STANDARD = "gnu++0x";
				CLANG_CXX_LIBRARY = "libc++";
				CLANG_ENABLE_MODULES = YES;
				CLANG_ENABLE_OBJC_ARC = YES;
				CLANG_WARN_BOOL_CONVERSION = YES;
				CLANG_WARN_CONSTANT_CONVERSION = YES;
				CLANG_WARN_DIRECT_OBJC_ISA_USAGE = YES_ERROR;
				CLANG_WARN_EMPTY_BODY = YES;
				CLANG_WARN_ENUM_CONVERSION = YES;
				CLANG_WARN_INT_CONVERSION = YES;
				CLANG_WARN_OBJC_ROOT_CLASS = YES_ERROR;
				CLANG_WARN_UNREACHABLE_CODE = YES;
				CLANG_WARN__DUPLICATE_METHOD_MATCH = YES;
				"CODE_SIGN_IDENTITY[sdk=iphoneos*]" = "iPhone Developer";
				COPY_PHASE_STRIP = NO;
				DEBUG_INFORMATION_FORMAT = "dwarf-with-dsym";
				ENABLE_STRICT_OBJC_MSGSEND = YES;
				GCC_C_LANGUAGE_STANDARD = gnu99;
				GCC_DYNAMIC_NO_PIC = NO;
				GCC_NO_COMMON_BLOCKS = YES;
				GCC_OPTIMIZATION_LEVEL = 0;
				GCC_PREPROCESSOR_DEFINITIONS = (
					"DEBUG=1",
					"$(inherited)",
				);
				GCC_SYMBOLS_PRIVATE_EXTERN = NO;
				GCC_WARN_64_TO_32_BIT_CONVERSION = YES;
				GCC_WARN_ABOUT_RETURN_TYPE = YES_ERROR;
				GCC_WARN_UNDECLARED_SELECTOR = YES;
				GCC_WARN_UNINITIALIZED_AUTOS = YES_AGGRESSIVE;
				GCC_WARN_UNUSED_FUNCTION = YES;
				GCC_WARN_UNUSED_VARIABLE = YES;
				IPHONEOS_DEPLOYMENT_TARGET = 8.3;
				MTL_ENABLE_DEBUG_INFO = YES;
				ONLY_ACTIVE_ARCH = YES;
				SDKROOT = iphoneos;
				SWIFT_OPTIMIZATION_LEVEL = "-Onone";
				TARGETED_DEVICE_FAMILY = "1,2";
			};
			name = Debug;
		};
		B591F6571B1B3CA900AFAADC /* Release */ = {
			isa = XCBuildConfiguration;
			buildSettings = {
				ALWAYS_SEARCH_USER_PATHS = NO;
				CLANG_CXX_LANGUAGE_STANDARD = "gnu++0x";
				CLANG_CXX_LIBRARY = "libc++";
				CLANG_ENABLE_MODULES = YES;
				CLANG_ENABLE_OBJC_ARC = YES;
				CLANG_WARN_BOOL_CONVERSION = YES;
				CLANG_WARN_CONSTANT_CONVERSION = YES;
				CLANG_WARN_DIRECT_OBJC_ISA_USAGE = YES_ERROR;
				CLANG_WARN_EMPTY_BODY = YES;
				CLANG_WARN_ENUM_CONVERSION = YES;
				CLANG_WARN_INT_CONVERSION = YES;
				CLANG_WARN_OBJC_ROOT_CLASS = YES_ERROR;
				CLANG_WARN_UNREACHABLE_CODE = YES;
				CLANG_WARN__DUPLICATE_METHOD_MATCH = YES;
				"CODE_SIGN_IDENTITY[sdk=iphoneos*]" = "iPhone Developer";
				COPY_PHASE_STRIP = NO;
				DEBUG_INFORMATION_FORMAT = "dwarf-with-dsym";
				ENABLE_NS_ASSERTIONS = NO;
				ENABLE_STRICT_OBJC_MSGSEND = YES;
				GCC_C_LANGUAGE_STANDARD = gnu99;
				GCC_NO_COMMON_BLOCKS = YES;
				GCC_WARN_64_TO_32_BIT_CONVERSION = YES;
				GCC_WARN_ABOUT_RETURN_TYPE = YES_ERROR;
				GCC_WARN_UNDECLARED_SELECTOR = YES;
				GCC_WARN_UNINITIALIZED_AUTOS = YES_AGGRESSIVE;
				GCC_WARN_UNUSED_FUNCTION = YES;
				GCC_WARN_UNUSED_VARIABLE = YES;
				IPHONEOS_DEPLOYMENT_TARGET = 8.3;
				MTL_ENABLE_DEBUG_INFO = NO;
				SDKROOT = iphoneos;
				TARGETED_DEVICE_FAMILY = "1,2";
				VALIDATE_PRODUCT = YES;
			};
			name = Release;
		};
		B591F6591B1B3CA900AFAADC /* Debug */ = {
			isa = XCBuildConfiguration;
			buildSettings = {
				ASSETCATALOG_COMPILER_APPICON_NAME = AppIcon;
				INFOPLIST_FILE = ResponderDemo/Info.plist;
				LD_RUNPATH_SEARCH_PATHS = "$(inherited) @executable_path/Frameworks";
				PRODUCT_NAME = "$(TARGET_NAME)";
			};
			name = Debug;
		};
		B591F65A1B1B3CA900AFAADC /* Release */ = {
			isa = XCBuildConfiguration;
			buildSettings = {
				ASSETCATALOG_COMPILER_APPICON_NAME = AppIcon;
				INFOPLIST_FILE = ResponderDemo/Info.plist;
				LD_RUNPATH_SEARCH_PATHS = "$(inherited) @executable_path/Frameworks";
				PRODUCT_NAME = "$(TARGET_NAME)";
			};
			name = Release;
		};
		B591F65C1B1B3CA900AFAADC /* Debug */ = {
			isa = XCBuildConfiguration;
			buildSettings = {
				BUNDLE_LOADER = "$(TEST_HOST)";
				FRAMEWORK_SEARCH_PATHS = (
					"$(SDKROOT)/Developer/Library/Frameworks",
					"$(inherited)",
				);
				GCC_PREPROCESSOR_DEFINITIONS = (
					"DEBUG=1",
					"$(inherited)",
				);
				INFOPLIST_FILE = ResponderDemoTests/Info.plist;
				LD_RUNPATH_SEARCH_PATHS = "$(inherited) @executable_path/Frameworks @loader_path/Frameworks";
				PRODUCT_NAME = "$(TARGET_NAME)";
				TEST_HOST = "$(BUILT_PRODUCTS_DIR)/ResponderDemo.app/ResponderDemo";
			};
			name = Debug;
		};
		B591F65D1B1B3CA900AFAADC /* Release */ = {
			isa = XCBuildConfiguration;
			buildSettings = {
				BUNDLE_LOADER = "$(TEST_HOST)";
				FRAMEWORK_SEARCH_PATHS = (
					"$(SDKROOT)/Developer/Library/Frameworks",
					"$(inherited)",
				);
				INFOPLIST_FILE = ResponderDemoTests/Info.plist;
				LD_RUNPATH_SEARCH_PATHS = "$(inherited) @executable_path/Frameworks @loader_path/Frameworks";
				PRODUCT_NAME = "$(TARGET_NAME)";
				TEST_HOST = "$(BUILT_PRODUCTS_DIR)/ResponderDemo.app/ResponderDemo";
			};
			name = Release;
		};
/* End XCBuildConfiguration section */

/* Begin XCConfigurationList section */
		B591F6341B1B3CA900AFAADC /* Build configuration list for PBXProject "ResponderDemo" */ = {
			isa = XCConfigurationList;
			buildConfigurations = (
				B591F6561B1B3CA900AFAADC /* Debug */,
				B591F6571B1B3CA900AFAADC /* Release */,
			);
			defaultConfigurationIsVisible = 0;
			defaultConfigurationName = Release;
		};
		B591F6581B1B3CA900AFAADC /* Build configuration list for PBXNativeTarget "ResponderDemo" */ = {
			isa = XCConfigurationList;
			buildConfigurations = (
				B591F6591B1B3CA900AFAADC /* Debug */,
				B591F65A1B1B3CA900AFAADC /* Release */,
			);
			defaultConfigurationIsVisible = 0;
		};
		B591F65B1B1B3CA900AFAADC /* Build configuration list for PBXNativeTarget "ResponderDemoTests" */ = {
			isa = XCConfigurationList;
			buildConfigurations = (
				B591F65C1B1B3CA900AFAADC /* Debug */,
				B591F65D1B1B3CA900AFAADC /* Release */,
			);
			defaultConfigurationIsVisible = 0;
		};
/* End XCConfigurationList section */
	};
	rootObject = B591F6311B1B3CA900AFAADC /* Project object */;
}
