// !$*UTF8*$!
{
	archiveVersion = 1;
	classes = {
	};
	objectVersion = 46;
	objects = {

/* Begin PBXBuildFile section */
		B545277D1BCD9F8A003E6D19 /* Contacts.framework in Frameworks */ = {isa = PBXBuildFile; fileRef = B545277C1BCD9F8A003E6D19 /* Contacts.framework */; };
		B5B075E419EE68E0000A4E44 /* MotionViewController.swift in Sources */ = {isa = PBXBuildFile; fileRef = B5B075E319EE68E0000A4E44 /* MotionViewController.swift */; };
		B5B075E619EE69B4000A4E44 /* CoreMotion.framework in Frameworks */ = {isa = PBXBuildFile; fileRef = B5B075E519EE69B4000A4E44 /* CoreMotion.framework */; };
		B5D0760019EE2CBC002631EC /* AppDelegate.swift in Sources */ = {isa = PBXBuildFile; fileRef = B5D075FF19EE2CBC002631EC /* AppDelegate.swift */; };
		B5D0760219EE2CBC002631EC /* ViewController.swift in Sources */ = {isa = PBXBuildFile; fileRef = B5D0760119EE2CBC002631EC /* ViewController.swift */; };
		B5D0760519EE2CBC002631EC /* Main.storyboard in Resources */ = {isa = PBXBuildFile; fileRef = B5D0760319EE2CBC002631EC /* Main.storyboard */; };
		B5D0760719EE2CBC002631EC /* Images.xcassets in Resources */ = {isa = PBXBuildFile; fileRef = B5D0760619EE2CBC002631EC /* Images.xcassets */; };
		B5D0760A19EE2CBC002631EC /* LaunchScreen.xib in Resources */ = {isa = PBXBuildFile; fileRef = B5D0760819EE2CBC002631EC /* LaunchScreen.xib */; };
		B5D0761619EE2CBC002631EC /* SystemFrameworksDemoTests.swift in Sources */ = {isa = PBXBuildFile; fileRef = B5D0761519EE2CBC002631EC /* SystemFrameworksDemoTests.swift */; };
		B5D0762019EE2D1F002631EC /* LocationViewController.swift in Sources */ = {isa = PBXBuildFile; fileRef = B5D0761F19EE2D1F002631EC /* LocationViewController.swift */; };
		B5D0762219EE2D35002631EC /* CoreLocation.framework in Frameworks */ = {isa = PBXBuildFile; fileRef = B5D0762119EE2D35002631EC /* CoreLocation.framework */; };
		B5D0762419EE2D49002631EC /* AVKit.framework in Frameworks */ = {isa = PBXBuildFile; fileRef = B5D0762319EE2D49002631EC /* AVKit.framework */; };
		B5D0762619EE4F91002631EC /* PhotosViewController.swift in Sources */ = {isa = PBXBuildFile; fileRef = B5D0762519EE4F91002631EC /* PhotosViewController.swift */; };
		B5D0762819EE5481002631EC /* AddressBookViewController.swift in Sources */ = {isa = PBXBuildFile; fileRef = B5D0762719EE5481002631EC /* AddressBookViewController.swift */; };
		B5D0762D19EE6280002631EC /* LocalAuthenticationViewController.swift in Sources */ = {isa = PBXBuildFile; fileRef = B5D0762C19EE6280002631EC /* LocalAuthenticationViewController.swift */; };
		B5D0762F19EE6322002631EC /* LocalAuthentication.framework in Frameworks */ = {isa = PBXBuildFile; fileRef = B5D0762E19EE6322002631EC /* LocalAuthentication.framework */; };
/* End PBXBuildFile section */

/* Begin PBXContainerItemProxy section */
		B5D0761019EE2CBC002631EC /* PBXContainerItemProxy */ = {
			isa = PBXContainerItemProxy;
			containerPortal = B5D075F219EE2CBC002631EC /* Project object */;
			proxyType = 1;
			remoteGlobalIDString = B5D075F919EE2CBC002631EC;
			remoteInfo = SystemFrameworksDemo;
		};
/* End PBXContainerItemProxy section */

/* Begin PBXFileReference section */
		B545277C1BCD9F8A003E6D19 /* Contacts.framework */ = {isa = PBXFileReference; lastKnownFileType = wrapper.framework; name = Contacts.framework; path = System/Library/Frameworks/Contacts.framework; sourceTree = SDKROOT; };
		B5B075E319EE68E0000A4E44 /* MotionViewController.swift */ = {isa = PBXFileReference; fileEncoding = 4; lastKnownFileType = sourcecode.swift; path = MotionViewController.swift; sourceTree = "<group>"; };
		B5B075E519EE69B4000A4E44 /* CoreMotion.framework */ = {isa = PBXFileReference; lastKnownFileType = wrapper.framework; name = CoreMotion.framework; path = System/Library/Frameworks/CoreMotion.framework; sourceTree = SDKROOT; };
		B5D075FA19EE2CBC002631EC /* SystemFrameworksDemo.app */ = {isa = PBXFileReference; explicitFileType = wrapper.application; includeInIndex = 0; path = SystemFrameworksDemo.app; sourceTree = BUILT_PRODUCTS_DIR; };
		B5D075FE19EE2CBC002631EC /* Info.plist */ = {isa = PBXFileReference; lastKnownFileType = text.plist.xml; path = Info.plist; sourceTree = "<group>"; };
		B5D075FF19EE2CBC002631EC /* AppDelegate.swift */ = {isa = PBXFileReference; lastKnownFileType = sourcecode.swift; path = AppDelegate.swift; sourceTree = "<group>"; };
		B5D0760119EE2CBC002631EC /* ViewController.swift */ = {isa = PBXFileReference; lastKnownFileType = sourcecode.swift; path = ViewController.swift; sourceTree = "<group>"; };
		B5D0760419EE2CBC002631EC /* Base */ = {isa = PBXFileReference; lastKnownFileType = file.storyboard; name = Base; path = Base.lproj/Main.storyboard; sourceTree = "<group>"; };
		B5D0760619EE2CBC002631EC /* Images.xcassets */ = {isa = PBXFileReference; lastKnownFileType = folder.assetcatalog; path = Images.xcassets; sourceTree = "<group>"; };
		B5D0760919EE2CBC002631EC /* Base */ = {isa = PBXFileReference; lastKnownFileType = file.xib; name = Base; path = Base.lproj/LaunchScreen.xib; sourceTree = "<group>"; };
		B5D0760F19EE2CBC002631EC /* SystemFrameworksDemoTests.xctest */ = {isa = PBXFileReference; explicitFileType = wrapper.cfbundle; includeInIndex = 0; path = SystemFrameworksDemoTests.xctest; sourceTree = BUILT_PRODUCTS_DIR; };
		B5D0761419EE2CBC002631EC /* Info.plist */ = {isa = PBXFileReference; lastKnownFileType = text.plist.xml; path = Info.plist; sourceTree = "<group>"; };
		B5D0761519EE2CBC002631EC /* SystemFrameworksDemoTests.swift */ = {isa = PBXFileReference; lastKnownFileType = sourcecode.swift; path = SystemFrameworksDemoTests.swift; sourceTree = "<group>"; };
		B5D0761F19EE2D1F002631EC /* LocationViewController.swift */ = {isa = PBXFileReference; fileEncoding = 4; lastKnownFileType = sourcecode.swift; path = LocationViewController.swift; sourceTree = "<group>"; };
		B5D0762119EE2D35002631EC /* CoreLocation.framework */ = {isa = PBXFileReference; lastKnownFileType = wrapper.framework; name = CoreLocation.framework; path = System/Library/Frameworks/CoreLocation.framework; sourceTree = SDKROOT; };
		B5D0762319EE2D49002631EC /* AVKit.framework */ = {isa = PBXFileReference; lastKnownFileType = wrapper.framework; name = AVKit.framework; path = System/Library/Frameworks/AVKit.framework; sourceTree = SDKROOT; };
		B5D0762519EE4F91002631EC /* PhotosViewController.swift */ = {isa = PBXFileReference; fileEncoding = 4; lastKnownFileType = sourcecode.swift; path = PhotosViewController.swift; sourceTree = "<group>"; };
		B5D0762719EE5481002631EC /* AddressBookViewController.swift */ = {isa = PBXFileReference; fileEncoding = 4; lastKnownFileType = sourcecode.swift; path = AddressBookViewController.swift; sourceTree = "<group>"; };
		B5D0762A19EE59C2002631EC /* AddressBook.framework */ = {isa = PBXFileReference; lastKnownFileType = wrapper.framework; name = AddressBook.framework; path = System/Library/Frameworks/AddressBook.framework; sourceTree = SDKROOT; };
		B5D0762C19EE6280002631EC /* LocalAuthenticationViewController.swift */ = {isa = PBXFileReference; fileEncoding = 4; lastKnownFileType = sourcecode.swift; path = LocalAuthenticationViewController.swift; sourceTree = "<group>"; };
		B5D0762E19EE6322002631EC /* LocalAuthentication.framework */ = {isa = PBXFileReference; lastKnownFileType = wrapper.framework; name = LocalAuthentication.framework; path = System/Library/Frameworks/LocalAuthentication.framework; sourceTree = SDKROOT; };
/* End PBXFileReference section */

/* Begin PBXFrameworksBuildPhase section */
		B5D075F719EE2CBC002631EC /* Frameworks */ = {
			isa = PBXFrameworksBuildPhase;
			buildActionMask = 2147483647;
			files = (
				B545277D1BCD9F8A003E6D19 /* Contacts.framework in Frameworks */,
				B5B075E619EE69B4000A4E44 /* CoreMotion.framework in Frameworks */,
				B5D0762F19EE6322002631EC /* LocalAuthentication.framework in Frameworks */,
				B5D0762419EE2D49002631EC /* AVKit.framework in Frameworks */,
				B5D0762219EE2D35002631EC /* CoreLocation.framework in Frameworks */,
			);
			runOnlyForDeploymentPostprocessing = 0;
		};
		B5D0760C19EE2CBC002631EC /* Frameworks */ = {
			isa = PBXFrameworksBuildPhase;
			buildActionMask = 2147483647;
			files = (
			);
			runOnlyForDeploymentPostprocessing = 0;
		};
/* End PBXFrameworksBuildPhase section */

/* Begin PBXGroup section */
		B5D075F119EE2CBC002631EC = {
			isa = PBXGroup;
			children = (
				B5D075FC19EE2CBC002631EC /* SystemFrameworksDemo */,
				B5D0761219EE2CBC002631EC /* SystemFrameworksDemoTests */,
				B5D075FB19EE2CBC002631EC /* Products */,
				B5D0762919EE59AA002631EC /* Frameworks */,
			);
			sourceTree = "<group>";
		};
		B5D075FB19EE2CBC002631EC /* Products */ = {
			isa = PBXGroup;
			children = (
				B5D075FA19EE2CBC002631EC /* SystemFrameworksDemo.app */,
				B5D0760F19EE2CBC002631EC /* SystemFrameworksDemoTests.xctest */,
			);
			name = Products;
			sourceTree = "<group>";
		};
		B5D075FC19EE2CBC002631EC /* SystemFrameworksDemo */ = {
			isa = PBXGroup;
			children = (
				B5D075FF19EE2CBC002631EC /* AppDelegate.swift */,
				B5D0760119EE2CBC002631EC /* ViewController.swift */,
				B5D0760319EE2CBC002631EC /* Main.storyboard */,
				B5D0760619EE2CBC002631EC /* Images.xcassets */,
				B5D0760819EE2CBC002631EC /* LaunchScreen.xib */,
				B5D075FD19EE2CBC002631EC /* Supporting Files */,
				B5D0761F19EE2D1F002631EC /* LocationViewController.swift */,
				B5D0762519EE4F91002631EC /* PhotosViewController.swift */,
				B5D0762719EE5481002631EC /* AddressBookViewController.swift */,
				B5D0762C19EE6280002631EC /* LocalAuthenticationViewController.swift */,
				B5B075E319EE68E0000A4E44 /* MotionViewController.swift */,
			);
			path = SystemFrameworksDemo;
			sourceTree = "<group>";
		};
		B5D075FD19EE2CBC002631EC /* Supporting Files */ = {
			isa = PBXGroup;
			children = (
				B5D075FE19EE2CBC002631EC /* Info.plist */,
			);
			name = "Supporting Files";
			sourceTree = "<group>";
		};
		B5D0761219EE2CBC002631EC /* SystemFrameworksDemoTests */ = {
			isa = PBXGroup;
			children = (
				B5D0761519EE2CBC002631EC /* SystemFrameworksDemoTests.swift */,
				B5D0761319EE2CBC002631EC /* Supporting Files */,
			);
			path = SystemFrameworksDemoTests;
			sourceTree = "<group>";
		};
		B5D0761319EE2CBC002631EC /* Supporting Files */ = {
			isa = PBXGroup;
			children = (
				B5D0761419EE2CBC002631EC /* Info.plist */,
			);
			name = "Supporting Files";
			sourceTree = "<group>";
		};
		B5D0762919EE59AA002631EC /* Frameworks */ = {
			isa = PBXGroup;
			children = (
				B545277C1BCD9F8A003E6D19 /* Contacts.framework */,
				B5B075E519EE69B4000A4E44 /* CoreMotion.framework */,
				B5D0762E19EE6322002631EC /* LocalAuthentication.framework */,
				B5D0762A19EE59C2002631EC /* AddressBook.framework */,
				B5D0762319EE2D49002631EC /* AVKit.framework */,
				B5D0762119EE2D35002631EC /* CoreLocation.framework */,
			);
			name = Frameworks;
			sourceTree = "<group>";
		};
/* End PBXGroup section */

/* Begin PBXNativeTarget section */
		B5D075F919EE2CBC002631EC /* SystemFrameworksDemo */ = {
			isa = PBXNativeTarget;
			buildConfigurationList = B5D0761919EE2CBC002631EC /* Build configuration list for PBXNativeTarget "SystemFrameworksDemo" */;
			buildPhases = (
				B5D075F619EE2CBC002631EC /* Sources */,
				B5D075F719EE2CBC002631EC /* Frameworks */,
				B5D075F819EE2CBC002631EC /* Resources */,
			);
			buildRules = (
			);
			dependencies = (
			);
			name = SystemFrameworksDemo;
			productName = SystemFrameworksDemo;
			productReference = B5D075FA19EE2CBC002631EC /* SystemFrameworksDemo.app */;
			productType = "com.apple.product-type.application";
		};
		B5D0760E19EE2CBC002631EC /* SystemFrameworksDemoTests */ = {
			isa = PBXNativeTarget;
			buildConfigurationList = B5D0761C19EE2CBC002631EC /* Build configuration list for PBXNativeTarget "SystemFrameworksDemoTests" */;
			buildPhases = (
				B5D0760B19EE2CBC002631EC /* Sources */,
				B5D0760C19EE2CBC002631EC /* Frameworks */,
				B5D0760D19EE2CBC002631EC /* Resources */,
			);
			buildRules = (
			);
			dependencies = (
				B5D0761119EE2CBC002631EC /* PBXTargetDependency */,
			);
			name = SystemFrameworksDemoTests;
			productName = SystemFrameworksDemoTests;
			productReference = B5D0760F19EE2CBC002631EC /* SystemFrameworksDemoTests.xctest */;
			productType = "com.apple.product-type.bundle.unit-test";
		};
/* End PBXNativeTarget section */

/* Begin PBXProject section */
		B5D075F219EE2CBC002631EC /* Project object */ = {
			isa = PBXProject;
			attributes = {
				LastSwiftMigration = 0700;
				LastSwiftUpdateCheck = 0700;
				LastUpgradeCheck = 0700;
				ORGANIZATIONNAME = CodePath;
				TargetAttributes = {
					B5D075F919EE2CBC002631EC = {
						CreatedOnToolsVersion = 6.0.1;
					};
					B5D0760E19EE2CBC002631EC = {
						CreatedOnToolsVersion = 6.0.1;
						TestTargetID = B5D075F919EE2CBC002631EC;
					};
				};
			};
			buildConfigurationList = B5D075F519EE2CBC002631EC /* Build configuration list for PBXProject "SystemFrameworksDemo" */;
			compatibilityVersion = "Xcode 3.2";
			developmentRegion = English;
			hasScannedForEncodings = 0;
			knownRegions = (
				en,
				Base,
			);
			mainGroup = B5D075F119EE2CBC002631EC;
			productRefGroup = B5D075FB19EE2CBC002631EC /* Products */;
			projectDirPath = "";
			projectRoot = "";
			targets = (
				B5D075F919EE2CBC002631EC /* SystemFrameworksDemo */,
				B5D0760E19EE2CBC002631EC /* SystemFrameworksDemoTests */,
			);
		};
/* End PBXProject section */

/* Begin PBXResourcesBuildPhase section */
		B5D075F819EE2CBC002631EC /* Resources */ = {
			isa = PBXResourcesBuildPhase;
			buildActionMask = 2147483647;
			files = (
				B5D0760519EE2CBC002631EC /* Main.storyboard in Resources */,
				B5D0760A19EE2CBC002631EC /* LaunchScreen.xib in Resources */,
				B5D0760719EE2CBC002631EC /* Images.xcassets in Resources */,
			);
			runOnlyForDeploymentPostprocessing = 0;
		};
		B5D0760D19EE2CBC002631EC /* Resources */ = {
			isa = PBXResourcesBuildPhase;
			buildActionMask = 2147483647;
			files = (
			);
			runOnlyForDeploymentPostprocessing = 0;
		};
/* End PBXResourcesBuildPhase section */

/* Begin PBXSourcesBuildPhase section */
		B5D075F619EE2CBC002631EC /* Sources */ = {
			isa = PBXSourcesBuildPhase;
			buildActionMask = 2147483647;
			files = (
				B5D0762819EE5481002631EC /* AddressBookViewController.swift in Sources */,
				B5B075E419EE68E0000A4E44 /* MotionViewController.swift in Sources */,
				B5D0762019EE2D1F002631EC /* LocationViewController.swift in Sources */,
				B5D0762D19EE6280002631EC /* LocalAuthenticationViewController.swift in Sources */,
				B5D0762619EE4F91002631EC /* PhotosViewController.swift in Sources */,
				B5D0760219EE2CBC002631EC /* ViewController.swift in Sources */,
				B5D0760019EE2CBC002631EC /* AppDelegate.swift in Sources */,
			);
			runOnlyForDeploymentPostprocessing = 0;
		};
		B5D0760B19EE2CBC002631EC /* Sources */ = {
			isa = PBXSourcesBuildPhase;
			buildActionMask = 2147483647;
			files = (
				B5D0761619EE2CBC002631EC /* SystemFrameworksDemoTests.swift in Sources */,
			);
			runOnlyForDeploymentPostprocessing = 0;
		};
/* End PBXSourcesBuildPhase section */

/* Begin PBXTargetDependency section */
		B5D0761119EE2CBC002631EC /* PBXTargetDependency */ = {
			isa = PBXTargetDependency;
			target = B5D075F919EE2CBC002631EC /* SystemFrameworksDemo */;
			targetProxy = B5D0761019EE2CBC002631EC /* PBXContainerItemProxy */;
		};
/* End PBXTargetDependency section */

/* Begin PBXVariantGroup section */
		B5D0760319EE2CBC002631EC /* Main.storyboard */ = {
			isa = PBXVariantGroup;
			children = (
				B5D0760419EE2CBC002631EC /* Base */,
			);
			name = Main.storyboard;
			sourceTree = "<group>";
		};
		B5D0760819EE2CBC002631EC /* LaunchScreen.xib */ = {
			isa = PBXVariantGroup;
			children = (
				B5D0760919EE2CBC002631EC /* Base */,
			);
			name = LaunchScreen.xib;
			sourceTree = "<group>";
		};
/* End PBXVariantGroup section */

/* Begin XCBuildConfiguration section */
		B5D0761719EE2CBC002631EC /* Debug */ = {
			isa = XCBuildConfiguration;
			buildSettings = {
				ALWAYS_SEARCH_USER_PATHS = NO;
				CLANG_CXX_LANGUAGE_STANDARD = "gnu++0x";
				CLANG_CXX_LIBRARY = "libc++";
				CLANG_ENABLE_MODULES = YES;
				CLANG_ENABLE_OBJC_ARC = YES;
				CLANG_WARN_BOOL_CONVERSION = YES;
				CLANG_WARN_CONSTANT_CONVERSION = YES;
				CLANG_WARN_DIRECT_OBJC_ISA_USAGE = YES_ERROR;
				CLANG_WARN_EMPTY_BODY = YES;
				CLANG_WARN_ENUM_CONVERSION = YES;
				CLANG_WARN_INT_CONVERSION = YES;
				CLANG_WARN_OBJC_ROOT_CLASS = YES_ERROR;
				CLANG_WARN_UNREACHABLE_CODE = YES;
				CLANG_WARN__DUPLICATE_METHOD_MATCH = YES;
				"CODE_SIGN_IDENTITY[sdk=iphoneos*]" = "iPhone Developer";
				COPY_PHASE_STRIP = NO;
				ENABLE_STRICT_OBJC_MSGSEND = YES;
				ENABLE_TESTABILITY = YES;
				GCC_C_LANGUAGE_STANDARD = gnu99;
				GCC_DYNAMIC_NO_PIC = NO;
				GCC_OPTIMIZATION_LEVEL = 0;
				GCC_PREPROCESSOR_DEFINITIONS = (
					"DEBUG=1",
					"$(inherited)",
				);
				GCC_SYMBOLS_PRIVATE_EXTERN = NO;
				GCC_WARN_64_TO_32_BIT_CONVERSION = YES;
				GCC_WARN_ABOUT_RETURN_TYPE = YES_ERROR;
				GCC_WARN_UNDECLARED_SELECTOR = YES;
				GCC_WARN_UNINITIALIZED_AUTOS = YES_AGGRESSIVE;
				GCC_WARN_UNUSED_FUNCTION = YES;
				GCC_WARN_UNUSED_VARIABLE = YES;
				IPHONEOS_DEPLOYMENT_TARGET = 9.0;
				MTL_ENABLE_DEBUG_INFO = YES;
				ONLY_ACTIVE_ARCH = YES;
				SDKROOT = iphoneos;
				SWIFT_OPTIMIZATION_LEVEL = "-Onone";
				TARGETED_DEVICE_FAMILY = "1,2";
			};
			name = Debug;
		};
		B5D0761819EE2CBC002631EC /* Release */ = {
			isa = XCBuildConfiguration;
			buildSettings = {
				ALWAYS_SEARCH_USER_PATHS = NO;
				CLANG_CXX_LANGUAGE_STANDARD = "gnu++0x";
				CLANG_CXX_LIBRARY = "libc++";
				CLANG_ENABLE_MODULES = YES;
				CLANG_ENABLE_OBJC_ARC = YES;
				CLANG_WARN_BOOL_CONVERSION = YES;
				CLANG_WARN_CONSTANT_CONVERSION = YES;
				CLANG_WARN_DIRECT_OBJC_ISA_USAGE = YES_ERROR;
				CLANG_WARN_EMPTY_BODY = YES;
				CLANG_WARN_ENUM_CONVERSION = YES;
				CLANG_WARN_INT_CONVERSION = YES;
				CLANG_WARN_OBJC_ROOT_CLASS = YES_ERROR;
				CLANG_WARN_UNREACHABLE_CODE = YES;
				CLANG_WARN__DUPLICATE_METHOD_MATCH = YES;
				"CODE_SIGN_IDENTITY[sdk=iphoneos*]" = "iPhone Developer";
				COPY_PHASE_STRIP = YES;
				ENABLE_NS_ASSERTIONS = NO;
				ENABLE_STRICT_OBJC_MSGSEND = YES;
				GCC_C_LANGUAGE_STANDARD = gnu99;
				GCC_WARN_64_TO_32_BIT_CONVERSION = YES;
				GCC_WARN_ABOUT_RETURN_TYPE = YES_ERROR;
				GCC_WARN_UNDECLARED_SELECTOR = YES;
				GCC_WARN_UNINITIALIZED_AUTOS = YES_AGGRESSIVE;
				GCC_WARN_UNUSED_FUNCTION = YES;
				GCC_WARN_UNUSED_VARIABLE = YES;
				IPHONEOS_DEPLOYMENT_TARGET = 9.0;
				MTL_ENABLE_DEBUG_INFO = NO;
				SDKROOT = iphoneos;
				TARGETED_DEVICE_FAMILY = "1,2";
				VALIDATE_PRODUCT = YES;
			};
			name = Release;
		};
		B5D0761A19EE2CBC002631EC /* Debug */ = {
			isa = XCBuildConfiguration;
			buildSettings = {
				ASSETCATALOG_COMPILER_APPICON_NAME = AppIcon;
				INFOPLIST_FILE = SystemFrameworksDemo/Info.plist;
				LD_RUNPATH_SEARCH_PATHS = "$(inherited) @executable_path/Frameworks";
				PRODUCT_BUNDLE_IDENTIFIER = "com.codepath.$(PRODUCT_NAME:rfc1034identifier)";
				PRODUCT_NAME = "$(TARGET_NAME)";
			};
			name = Debug;
		};
		B5D0761B19EE2CBC002631EC /* Release */ = {
			isa = XCBuildConfiguration;
			buildSettings = {
				ASSETCATALOG_COMPILER_APPICON_NAME = AppIcon;
				INFOPLIST_FILE = SystemFrameworksDemo/Info.plist;
				LD_RUNPATH_SEARCH_PATHS = "$(inherited) @executable_path/Frameworks";
				PRODUCT_BUNDLE_IDENTIFIER = "com.codepath.$(PRODUCT_NAME:rfc1034identifier)";
				PRODUCT_NAME = "$(TARGET_NAME)";
			};
			name = Release;
		};
		B5D0761D19EE2CBC002631EC /* Debug */ = {
			isa = XCBuildConfiguration;
			buildSettings = {
				BUNDLE_LOADER = "$(TEST_HOST)";
				FRAMEWORK_SEARCH_PATHS = (
					"$(SDKROOT)/Developer/Library/Frameworks",
					"$(inherited)",
				);
				GCC_PREPROCESSOR_DEFINITIONS = (
					"DEBUG=1",
					"$(inherited)",
				);
				INFOPLIST_FILE = SystemFrameworksDemoTests/Info.plist;
				LD_RUNPATH_SEARCH_PATHS = "$(inherited) @executable_path/Frameworks @loader_path/Frameworks";
				PRODUCT_BUNDLE_IDENTIFIER = "com.codepath.$(PRODUCT_NAME:rfc1034identifier)";
				PRODUCT_NAME = "$(TARGET_NAME)";
				TEST_HOST = "$(BUILT_PRODUCTS_DIR)/SystemFrameworksDemo.app/SystemFrameworksDemo";
			};
			name = Debug;
		};
		B5D0761E19EE2CBC002631EC /* Release */ = {
			isa = XCBuildConfiguration;
			buildSettings = {
				BUNDLE_LOADER = "$(TEST_HOST)";
				FRAMEWORK_SEARCH_PATHS = (
					"$(SDKROOT)/Developer/Library/Frameworks",
					"$(inherited)",
				);
				INFOPLIST_FILE = SystemFrameworksDemoTests/Info.plist;
				LD_RUNPATH_SEARCH_PATHS = "$(inherited) @executable_path/Frameworks @loader_path/Frameworks";
				PRODUCT_BUNDLE_IDENTIFIER = "com.codepath.$(PRODUCT_NAME:rfc1034identifier)";
				PRODUCT_NAME = "$(TARGET_NAME)";
				TEST_HOST = "$(BUILT_PRODUCTS_DIR)/SystemFrameworksDemo.app/SystemFrameworksDemo";
			};
			name = Release;
		};
/* End XCBuildConfiguration section */

/* Begin XCConfigurationList section */
		B5D075F519EE2CBC002631EC /* Build configuration list for PBXProject "SystemFrameworksDemo" */ = {
			isa = XCConfigurationList;
			buildConfigurations = (
				B5D0761719EE2CBC002631EC /* Debug */,
				B5D0761819EE2CBC002631EC /* Release */,
			);
			defaultConfigurationIsVisible = 0;
			defaultConfigurationName = Release;
		};
		B5D0761919EE2CBC002631EC /* Build configuration list for PBXNativeTarget "SystemFrameworksDemo" */ = {
			isa = XCConfigurationList;
			buildConfigurations = (
				B5D0761A19EE2CBC002631EC /* Debug */,
				B5D0761B19EE2CBC002631EC /* Release */,
			);
			defaultConfigurationIsVisible = 0;
			defaultConfigurationName = Release;
		};
		B5D0761C19EE2CBC002631EC /* Build configuration list for PBXNativeTarget "SystemFrameworksDemoTests" */ = {
			isa = XCConfigurationList;
			buildConfigurations = (
				B5D0761D19EE2CBC002631EC /* Debug */,
				B5D0761E19EE2CBC002631EC /* Release */,
			);
			defaultConfigurationIsVisible = 0;
			defaultConfigurationName = Release;
		};
/* End XCConfigurationList section */
	};
	rootObject = B5D075F219EE2CBC002631EC /* Project object */;
}
