// !$*UTF8*$!
{
	archiveVersion = 1;
	classes = {
	};
	objectVersion = 46;
	objects = {

/* Begin PBXBuildFile section */
		B51700661BDDE72F00FCE092 /* RootViewController.swift in Sources */ = {isa = PBXBuildFile; fileRef = B51700651BDDE72F00FCE092 /* RootViewController.swift */; };
		B558B9081BDC292600745AF5 /* AppDelegate.swift in Sources */ = {isa = PBXBuildFile; fileRef = B558B9071BDC292600745AF5 /* AppDelegate.swift */; };
		B558B90A1BDC292600745AF5 /* MasterViewController.swift in Sources */ = {isa = PBXBuildFile; fileRef = B558B9091BDC292600745AF5 /* MasterViewController.swift */; };
		B558B90C1BDC292600745AF5 /* DetailViewController.swift in Sources */ = {isa = PBXBuildFile; fileRef = B558B90B1BDC292600745AF5 /* DetailViewController.swift */; };
		B558B90F1BDC292600745AF5 /* Main.storyboard in Resources */ = {isa = PBXBuildFile; fileRef = B558B90D1BDC292600745AF5 /* Main.storyboard */; };
		B558B9111BDC292600745AF5 /* Assets.xcassets in Resources */ = {isa = PBXBuildFile; fileRef = B558B9101BDC292600745AF5 /* Assets.xcassets */; };
		B558B9141BDC292600745AF5 /* LaunchScreen.storyboard in Resources */ = {isa = PBXBuildFile; fileRef = B558B9121BDC292600745AF5 /* LaunchScreen.storyboard */; };
		B558B91C1BDC2EAB00745AF5 /* FontSettingsViewController.swift in Sources */ = {isa = PBXBuildFile; fileRef = B558B91B1BDC2EAB00745AF5 /* FontSettingsViewController.swift */; };
		B558B91E1BDC2EDD00745AF5 /* FontSettingsViewController.storyboard in Resources */ = {isa = PBXBuildFile; fileRef = B558B91D1BDC2EDD00745AF5 /* FontSettingsViewController.storyboard */; };
		B558B9201BDC43F500745AF5 /* GlobalSettingsViewController.swift in Sources */ = {isa = PBXBuildFile; fileRef = B558B91F1BDC43F500745AF5 /* GlobalSettingsViewController.swift */; };
/* End PBXBuildFile section */

/* Begin PBXFileReference section */
		B51700651BDDE72F00FCE092 /* RootViewController.swift */ = {isa = PBXFileReference; fileEncoding = 4; lastKnownFileType = sourcecode.swift; path = RootViewController.swift; sourceTree = "<group>"; };
		B558B9041BDC292600745AF5 /* FontBrowserDemo.app */ = {isa = PBXFileReference; explicitFileType = wrapper.application; includeInIndex = 0; path = FontBrowserDemo.app; sourceTree = BUILT_PRODUCTS_DIR; };
		B558B9071BDC292600745AF5 /* AppDelegate.swift */ = {isa = PBXFileReference; lastKnownFileType = sourcecode.swift; path = AppDelegate.swift; sourceTree = "<group>"; };
		B558B9091BDC292600745AF5 /* MasterViewController.swift */ = {isa = PBXFileReference; lastKnownFileType = sourcecode.swift; path = MasterViewController.swift; sourceTree = "<group>"; };
		B558B90B1BDC292600745AF5 /* DetailViewController.swift */ = {isa = PBXFileReference; lastKnownFileType = sourcecode.swift; path = DetailViewController.swift; sourceTree = "<group>"; };
		B558B90E1BDC292600745AF5 /* Base */ = {isa = PBXFileReference; lastKnownFileType = file.storyboard; name = Base; path = Base.lproj/Main.storyboard; sourceTree = "<group>"; };
		B558B9101BDC292600745AF5 /* Assets.xcassets */ = {isa = PBXFileReference; lastKnownFileType = folder.assetcatalog; path = Assets.xcassets; sourceTree = "<group>"; };
		B558B9131BDC292600745AF5 /* Base */ = {isa = PBXFileReference; lastKnownFileType = file.storyboard; name = Base; path = Base.lproj/LaunchScreen.storyboard; sourceTree = "<group>"; };
		B558B9151BDC292600745AF5 /* Info.plist */ = {isa = PBXFileReference; lastKnownFileType = text.plist.xml; path = Info.plist; sourceTree = "<group>"; };
		B558B91B1BDC2EAB00745AF5 /* FontSettingsViewController.swift */ = {isa = PBXFileReference; fileEncoding = 4; lastKnownFileType = sourcecode.swift; path = FontSettingsViewController.swift; sourceTree = "<group>"; };
		B558B91D1BDC2EDD00745AF5 /* FontSettingsViewController.storyboard */ = {isa = PBXFileReference; fileEncoding = 4; lastKnownFileType = file.storyboard; path = FontSettingsViewController.storyboard; sourceTree = "<group>"; };
		B558B91F1BDC43F500745AF5 /* GlobalSettingsViewController.swift */ = {isa = PBXFileReference; fileEncoding = 4; lastKnownFileType = sourcecode.swift; path = GlobalSettingsViewController.swift; sourceTree = "<group>"; };
/* End PBXFileReference section */

/* Begin PBXFrameworksBuildPhase section */
		B558B9011BDC292600745AF5 /* Frameworks */ = {
			isa = PBXFrameworksBuildPhase;
			buildActionMask = 2147483647;
			files = (
			);
			runOnlyForDeploymentPostprocessing = 0;
		};
/* End PBXFrameworksBuildPhase section */

/* Begin PBXGroup section */
		B558B8FB1BDC292600745AF5 = {
			isa = PBXGroup;
			children = (
				B558B9061BDC292600745AF5 /* FontBrowserDemo */,
				B558B9051BDC292600745AF5 /* Products */,
			);
			sourceTree = "<group>";
		};
		B558B9051BDC292600745AF5 /* Products */ = {
			isa = PBXGroup;
			children = (
				B558B9041BDC292600745AF5 /* FontBrowserDemo.app */,
			);
			name = Products;
			sourceTree = "<group>";
		};
		B558B9061BDC292600745AF5 /* FontBrowserDemo */ = {
			isa = PBXGroup;
			children = (
				B558B9071BDC292600745AF5 /* AppDelegate.swift */,
				B558B9091BDC292600745AF5 /* MasterViewController.swift */,
				B558B90B1BDC292600745AF5 /* DetailViewController.swift */,
				B558B90D1BDC292600745AF5 /* Main.storyboard */,
				B558B9101BDC292600745AF5 /* Assets.xcassets */,
				B558B9121BDC292600745AF5 /* LaunchScreen.storyboard */,
				B558B9151BDC292600745AF5 /* Info.plist */,
				B558B91B1BDC2EAB00745AF5 /* FontSettingsViewController.swift */,
				B558B91D1BDC2EDD00745AF5 /* FontSettingsViewController.storyboard */,
				B558B91F1BDC43F500745AF5 /* GlobalSettingsViewController.swift */,
				B51700651BDDE72F00FCE092 /* RootViewController.swift */,
			);
			path = FontBrowserDemo;
			sourceTree = "<group>";
		};
/* End PBXGroup section */

/* Begin PBXNativeTarget section */
		B558B9031BDC292600745AF5 /* FontBrowserDemo */ = {
			isa = PBXNativeTarget;
			buildConfigurationList = B558B9181BDC292600745AF5 /* Build configuration list for PBXNativeTarget "FontBrowserDemo" */;
			buildPhases = (
				B558B9001BDC292600745AF5 /* Sources */,
				B558B9011BDC292600745AF5 /* Frameworks */,
				B558B9021BDC292600745AF5 /* Resources */,
			);
			buildRules = (
			);
			dependencies = (
			);
			name = FontBrowserDemo;
			productName = FontBrowserDemo;
			productReference = B558B9041BDC292600745AF5 /* FontBrowserDemo.app */;
			productType = "com.apple.product-type.application";
		};
/* End PBXNativeTarget section */

/* Begin PBXProject section */
		B558B8FC1BDC292600745AF5 /* Project object */ = {
			isa = PBXProject;
			attributes = {
				LastSwiftUpdateCheck = 0710;
				LastUpgradeCheck = 0710;
				ORGANIZATIONNAME = CodePath;
				TargetAttributes = {
					B558B9031BDC292600745AF5 = {
						CreatedOnToolsVersion = 7.1;
					};
				};
			};
			buildConfigurationList = B558B8FF1BDC292600745AF5 /* Build configuration list for PBXProject "FontBrowserDemo" */;
			compatibilityVersion = "Xcode 3.2";
			developmentRegion = English;
			hasScannedForEncodings = 0;
			knownRegions = (
				en,
				Base,
			);
			mainGroup = B558B8FB1BDC292600745AF5;
			productRefGroup = B558B9051BDC292600745AF5 /* Products */;
			projectDirPath = "";
			projectRoot = "";
			targets = (
				B558B9031BDC292600745AF5 /* FontBrowserDemo */,
			);
		};
/* End PBXProject section */

/* Begin PBXResourcesBuildPhase section */
		B558B9021BDC292600745AF5 /* Resources */ = {
			isa = PBXResourcesBuildPhase;
			buildActionMask = 2147483647;
			files = (
				B558B9141BDC292600745AF5 /* LaunchScreen.storyboard in Resources */,
				B558B9111BDC292600745AF5 /* Assets.xcassets in Resources */,
				B558B90F1BDC292600745AF5 /* Main.storyboard in Resources */,
				B558B91E1BDC2EDD00745AF5 /* FontSettingsViewController.storyboard in Resources */,
			);
			runOnlyForDeploymentPostprocessing = 0;
		};
/* End PBXResourcesBuildPhase section */

/* Begin PBXSourcesBuildPhase section */
		B558B9001BDC292600745AF5 /* Sources */ = {
			isa = PBXSourcesBuildPhase;
			buildActionMask = 2147483647;
			files = (
				B558B91C1BDC2EAB00745AF5 /* FontSettingsViewController.swift in Sources */,
				B558B90C1BDC292600745AF5 /* DetailViewController.swift in Sources */,
				B51700661BDDE72F00FCE092 /* RootViewController.swift in Sources */,
				B558B90A1BDC292600745AF5 /* MasterViewController.swift in Sources */,
				B558B9081BDC292600745AF5 /* AppDelegate.swift in Sources */,
				B558B9201BDC43F500745AF5 /* GlobalSettingsViewController.swift in Sources */,
			);
			runOnlyForDeploymentPostprocessing = 0;
		};
/* End PBXSourcesBuildPhase section */

/* Begin PBXVariantGroup section */
		B558B90D1BDC292600745AF5 /* Main.storyboard */ = {
			isa = PBXVariantGroup;
			children = (
				B558B90E1BDC292600745AF5 /* Base */,
			);
			name = Main.storyboard;
			sourceTree = "<group>";
		};
		B558B9121BDC292600745AF5 /* LaunchScreen.storyboard */ = {
			isa = PBXVariantGroup;
			children = (
				B558B9131BDC292600745AF5 /* Base */,
			);
			name = LaunchScreen.storyboard;
			sourceTree = "<group>";
		};
/* End PBXVariantGroup section */

/* Begin XCBuildConfiguration section */
		B558B9161BDC292600745AF5 /* Debug */ = {
			isa = XCBuildConfiguration;
			buildSettings = {
				ALWAYS_SEARCH_USER_PATHS = NO;
				CLANG_CXX_LANGUAGE_STANDARD = "gnu++0x";
				CLANG_CXX_LIBRARY = "libc++";
				CLANG_ENABLE_MODULES = YES;
				CLANG_ENABLE_OBJC_ARC = YES;
				CLANG_WARN_BOOL_CONVERSION = YES;
				CLANG_WARN_CONSTANT_CONVERSION = YES;
				CLANG_WARN_DIRECT_OBJC_ISA_USAGE = YES_ERROR;
				CLANG_WARN_EMPTY_BODY = YES;
				CLANG_WARN_ENUM_CONVERSION = YES;
				CLANG_WARN_INT_CONVERSION = YES;
				CLANG_WARN_OBJC_ROOT_CLASS = YES_ERROR;
				CLANG_WARN_UNREACHABLE_CODE = YES;
				CLANG_WARN__DUPLICATE_METHOD_MATCH = YES;
				"CODE_SIGN_IDENTITY[sdk=iphoneos*]" = "iPhone Developer";
				COPY_PHASE_STRIP = NO;
				DEBUG_INFORMATION_FORMAT = dwarf;
				ENABLE_STRICT_OBJC_MSGSEND = YES;
				ENABLE_TESTABILITY = YES;
				GCC_C_LANGUAGE_STANDARD = gnu99;
				GCC_DYNAMIC_NO_PIC = NO;
				GCC_NO_COMMON_BLOCKS = YES;
				GCC_OPTIMIZATION_LEVEL = 0;
				GCC_PREPROCESSOR_DEFINITIONS = (
					"DEBUG=1",
					"$(inherited)",
				);
				GCC_WARN_64_TO_32_BIT_CONVERSION = YES;
				GCC_WARN_ABOUT_RETURN_TYPE = YES_ERROR;
				GCC_WARN_UNDECLARED_SELECTOR = YES;
				GCC_WARN_UNINITIALIZED_AUTOS = YES_AGGRESSIVE;
				GCC_WARN_UNUSED_FUNCTION = YES;
				GCC_WARN_UNUSED_VARIABLE = YES;
				IPHONEOS_DEPLOYMENT_TARGET = 9.1;
				MTL_ENABLE_DEBUG_INFO = YES;
				ONLY_ACTIVE_ARCH = YES;
				SDKROOT = iphoneos;
				SWIFT_OPTIMIZATION_LEVEL = "-Onone";
				TARGETED_DEVICE_FAMILY = "1,2";
			};
			name = Debug;
		};
		B558B9171BDC292600745AF5 /* Release */ = {
			isa = XCBuildConfiguration;
			buildSettings = {
				ALWAYS_SEARCH_USER_PATHS = NO;
				CLANG_CXX_LANGUAGE_STANDARD = "gnu++0x";
				CLANG_CXX_LIBRARY = "libc++";
				CLANG_ENABLE_MODULES = YES;
				CLANG_ENABLE_OBJC_ARC = YES;
				CLANG_WARN_BOOL_CONVERSION = YES;
				CLANG_WARN_CONSTANT_CONVERSION = YES;
				CLANG_WARN_DIRECT_OBJC_ISA_USAGE = YES_ERROR;
				CLANG_WARN_EMPTY_BODY = YES;
				CLANG_WARN_ENUM_CONVERSION = YES;
				CLANG_WARN_INT_CONVERSION = YES;
				CLANG_WARN_OBJC_ROOT_CLASS = YES_ERROR;
				CLANG_WARN_UNREACHABLE_CODE = YES;
				CLANG_WARN__DUPLICATE_METHOD_MATCH = YES;
				"CODE_SIGN_IDENTITY[sdk=iphoneos*]" = "iPhone Developer";
				COPY_PHASE_STRIP = NO;
				DEBUG_INFORMATION_FORMAT = "dwarf-with-dsym";
				ENABLE_NS_ASSERTIONS = NO;
				ENABLE_STRICT_OBJC_MSGSEND = YES;
				GCC_C_LANGUAGE_STANDARD = gnu99;
				GCC_NO_COMMON_BLOCKS = YES;
				GCC_WARN_64_TO_32_BIT_CONVERSION = YES;
				GCC_WARN_ABOUT_RETURN_TYPE = YES_ERROR;
				GCC_WARN_UNDECLARED_SELECTOR = YES;
				GCC_WARN_UNINITIALIZED_AUTOS = YES_AGGRESSIVE;
				GCC_WARN_UNUSED_FUNCTION = YES;
				GCC_WARN_UNUSED_VARIABLE = YES;
				IPHONEOS_DEPLOYMENT_TARGET = 9.1;
				MTL_ENABLE_DEBUG_INFO = NO;
				SDKROOT = iphoneos;
				TARGETED_DEVICE_FAMILY = "1,2";
				VALIDATE_PRODUCT = YES;
			};
			name = Release;
		};
		B558B9191BDC292600745AF5 /* Debug */ = {
			isa = XCBuildConfiguration;
			buildSettings = {
				ASSETCATALOG_COMPILER_APPICON_NAME = AppIcon;
				INFOPLIST_FILE = FontBrowserDemo/Info.plist;
				LD_RUNPATH_SEARCH_PATHS = "$(inherited) @executable_path/Frameworks";
				PRODUCT_BUNDLE_IDENTIFIER = com.codepath.FontBrowserDemo;
				PRODUCT_NAME = "$(TARGET_NAME)";
			};
			name = Debug;
		};
		B558B91A1BDC292600745AF5 /* Release */ = {
			isa = XCBuildConfiguration;
			buildSettings = {
				ASSETCATALOG_COMPILER_APPICON_NAME = AppIcon;
				INFOPLIST_FILE = FontBrowserDemo/Info.plist;
				LD_RUNPATH_SEARCH_PATHS = "$(inherited) @executable_path/Frameworks";
				PRODUCT_BUNDLE_IDENTIFIER = com.codepath.FontBrowserDemo;
				PRODUCT_NAME = "$(TARGET_NAME)";
			};
			name = Release;
		};
/* End XCBuildConfiguration section */

/* Begin XCConfigurationList section */
		B558B8FF1BDC292600745AF5 /* Build configuration list for PBXProject "FontBrowserDemo" */ = {
			isa = XCConfigurationList;
			buildConfigurations = (
				B558B9161BDC292600745AF5 /* Debug */,
				B558B9171BDC292600745AF5 /* Release */,
			);
			defaultConfigurationIsVisible = 0;
			defaultConfigurationName = Release;
		};
		B558B9181BDC292600745AF5 /* Build configuration list for PBXNativeTarget "FontBrowserDemo" */ = {
			isa = XCConfigurationList;
			buildConfigurations = (
				B558B9191BDC292600745AF5 /* Debug */,
				B558B91A1BDC292600745AF5 /* Release */,
			);
			defaultConfigurationIsVisible = 0;
			defaultConfigurationName = Release;
		};
/* End XCConfigurationList section */
	};
	rootObject = B558B8FC1BDC292600745AF5 /* Project object */;
}
