// !$*UTF8*$!
{
	archiveVersion = 1;
	classes = {
	};
	objectVersion = 46;
	objects = {

/* Begin PBXBuildFile section */
		B59996E61BE69C20005F5FF4 /* AppDelegate.swift in Sources */ = {isa = PBXBuildFile; fileRef = B59996E51BE69C20005F5FF4 /* AppDelegate.swift */; };
		B59996EB1BE69C20005F5FF4 /* Main.storyboard in Resources */ = {isa = PBXBuildFile; fileRef = B59996E91BE69C20005F5FF4 /* Main.storyboard */; };
		B59996ED1BE69C20005F5FF4 /* Assets.xcassets in Resources */ = {isa = PBXBuildFile; fileRef = B59996EC1BE69C20005F5FF4 /* Assets.xcassets */; };
		B59996F01BE69C20005F5FF4 /* LaunchScreen.storyboard in Resources */ = {isa = PBXBuildFile; fileRef = B59996EE1BE69C20005F5FF4 /* LaunchScreen.storyboard */; };
		B59996FB1BE69C20005F5FF4 /* HolidayCheckTests.swift in Sources */ = {isa = PBXBuildFile; fileRef = B59996FA1BE69C20005F5FF4 /* HolidayCheckTests.swift */; };
		B59997061BE69C63005F5FF4 /* HolidayCheckable.swift in Sources */ = {isa = PBXBuildFile; fileRef = B59997051BE69C63005F5FF4 /* HolidayCheckable.swift */; };
		B59997081BE69C7E005F5FF4 /* Holiday.swift in Sources */ = {isa = PBXBuildFile; fileRef = B59997071BE69C7E005F5FF4 /* Holiday.swift */; };
		B599970F1BE69F9C005F5FF4 /* ChristmasTest.swift in Sources */ = {isa = PBXBuildFile; fileRef = B599970E1BE69F9C005F5FF4 /* ChristmasTest.swift */; };
		B59997111BE6A360005F5FF4 /* ChristmasHoliday.swift in Sources */ = {isa = PBXBuildFile; fileRef = B59997101BE6A360005F5FF4 /* ChristmasHoliday.swift */; };
		B59997131BE6BE6B005F5FF4 /* StatusViewController.swift in Sources */ = {isa = PBXBuildFile; fileRef = B59997121BE6BE6B005F5FF4 /* StatusViewController.swift */; };
		B59997151BE6BE99005F5FF4 /* HolidayCheckerPickerController.swift in Sources */ = {isa = PBXBuildFile; fileRef = B59997141BE6BE99005F5FF4 /* HolidayCheckerPickerController.swift */; };
		B59997171BE6BF17005F5FF4 /* HolidayCheckerPickerController.storyboard in Resources */ = {isa = PBXBuildFile; fileRef = B59997161BE6BF17005F5FF4 /* HolidayCheckerPickerController.storyboard */; };
		B59997191BE6D28E005F5FF4 /* HolidayPreferences.swift in Sources */ = {isa = PBXBuildFile; fileRef = B59997181BE6D28E005F5FF4 /* HolidayPreferences.swift */; };
		B599971B1BE6D369005F5FF4 /* HolidayPreferenceStore.swift in Sources */ = {isa = PBXBuildFile; fileRef = B599971A1BE6D369005F5FF4 /* HolidayPreferenceStore.swift */; };
		B599972E1BE7286F005F5FF4 /* NewYearsHoliday.swift in Sources */ = {isa = PBXBuildFile; fileRef = B599972D1BE7286F005F5FF4 /* NewYearsHoliday.swift */; };
		B59997301BE731D0005F5FF4 /* HolidayChecker.swift in Sources */ = {isa = PBXBuildFile; fileRef = B599972F1BE731D0005F5FF4 /* HolidayChecker.swift */; };
/* End PBXBuildFile section */

/* Begin PBXContainerItemProxy section */
		B59996F71BE69C20005F5FF4 /* PBXContainerItemProxy */ = {
			isa = PBXContainerItemProxy;
			containerPortal = B59996DA1BE69C20005F5FF4 /* Project object */;
			proxyType = 1;
			remoteGlobalIDString = B59996E11BE69C20005F5FF4;
			remoteInfo = HolidayCheck;
		};
/* End PBXContainerItemProxy section */

/* Begin PBXFileReference section */
		B59996E21BE69C20005F5FF4 /* HolidayCheck.app */ = {isa = PBXFileReference; explicitFileType = wrapper.application; includeInIndex = 0; path = HolidayCheck.app; sourceTree = BUILT_PRODUCTS_DIR; };
		B59996E51BE69C20005F5FF4 /* AppDelegate.swift */ = {isa = PBXFileReference; lastKnownFileType = sourcecode.swift; path = AppDelegate.swift; sourceTree = "<group>"; };
		B59996EA1BE69C20005F5FF4 /* Base */ = {isa = PBXFileReference; lastKnownFileType = file.storyboard; name = Base; path = Base.lproj/Main.storyboard; sourceTree = "<group>"; };
		B59996EC1BE69C20005F5FF4 /* Assets.xcassets */ = {isa = PBXFileReference; lastKnownFileType = folder.assetcatalog; path = Assets.xcassets; sourceTree = "<group>"; };
		B59996EF1BE69C20005F5FF4 /* Base */ = {isa = PBXFileReference; lastKnownFileType = file.storyboard; name = Base; path = Base.lproj/LaunchScreen.storyboard; sourceTree = "<group>"; };
		B59996F11BE69C20005F5FF4 /* Info.plist */ = {isa = PBXFileReference; lastKnownFileType = text.plist.xml; path = Info.plist; sourceTree = "<group>"; };
		B59996F61BE69C20005F5FF4 /* HolidayCheckTests.xctest */ = {isa = PBXFileReference; explicitFileType = wrapper.cfbundle; includeInIndex = 0; path = HolidayCheckTests.xctest; sourceTree = BUILT_PRODUCTS_DIR; };
		B59996FA1BE69C20005F5FF4 /* HolidayCheckTests.swift */ = {isa = PBXFileReference; lastKnownFileType = sourcecode.swift; path = HolidayCheckTests.swift; sourceTree = "<group>"; };
		B59996FC1BE69C20005F5FF4 /* Info.plist */ = {isa = PBXFileReference; lastKnownFileType = text.plist.xml; path = Info.plist; sourceTree = "<group>"; };
		B59997051BE69C63005F5FF4 /* HolidayCheckable.swift */ = {isa = PBXFileReference; fileEncoding = 4; lastKnownFileType = sourcecode.swift; path = HolidayCheckable.swift; sourceTree = "<group>"; };
		B59997071BE69C7E005F5FF4 /* Holiday.swift */ = {isa = PBXFileReference; fileEncoding = 4; lastKnownFileType = sourcecode.swift; path = Holiday.swift; sourceTree = "<group>"; };
		B599970E1BE69F9C005F5FF4 /* ChristmasTest.swift */ = {isa = PBXFileReference; fileEncoding = 4; lastKnownFileType = sourcecode.swift; path = ChristmasTest.swift; sourceTree = "<group>"; };
		B59997101BE6A360005F5FF4 /* ChristmasHoliday.swift */ = {isa = PBXFileReference; fileEncoding = 4; lastKnownFileType = sourcecode.swift; path = ChristmasHoliday.swift; sourceTree = "<group>"; };
		B59997121BE6BE6B005F5FF4 /* StatusViewController.swift */ = {isa = PBXFileReference; fileEncoding = 4; lastKnownFileType = sourcecode.swift; path = StatusViewController.swift; sourceTree = "<group>"; };
		B59997141BE6BE99005F5FF4 /* HolidayCheckerPickerController.swift */ = {isa = PBXFileReference; fileEncoding = 4; lastKnownFileType = sourcecode.swift; path = HolidayCheckerPickerController.swift; sourceTree = "<group>"; };
		B59997161BE6BF17005F5FF4 /* HolidayCheckerPickerController.storyboard */ = {isa = PBXFileReference; fileEncoding = 4; lastKnownFileType = file.storyboard; path = HolidayCheckerPickerController.storyboard; sourceTree = "<group>"; };
		B59997181BE6D28E005F5FF4 /* HolidayPreferences.swift */ = {isa = PBXFileReference; fileEncoding = 4; lastKnownFileType = sourcecode.swift; path = HolidayPreferences.swift; sourceTree = "<group>"; };
		B599971A1BE6D369005F5FF4 /* HolidayPreferenceStore.swift */ = {isa = PBXFileReference; fileEncoding = 4; lastKnownFileType = sourcecode.swift; path = HolidayPreferenceStore.swift; sourceTree = "<group>"; };
		B599972D1BE7286F005F5FF4 /* NewYearsHoliday.swift */ = {isa = PBXFileReference; fileEncoding = 4; lastKnownFileType = sourcecode.swift; path = NewYearsHoliday.swift; sourceTree = "<group>"; };
		B599972F1BE731D0005F5FF4 /* HolidayChecker.swift */ = {isa = PBXFileReference; fileEncoding = 4; lastKnownFileType = sourcecode.swift; path = HolidayChecker.swift; sourceTree = "<group>"; };
/* End PBXFileReference section */

/* Begin PBXFrameworksBuildPhase section */
		B59996DF1BE69C20005F5FF4 /* Frameworks */ = {
			isa = PBXFrameworksBuildPhase;
			buildActionMask = 2147483647;
			files = (
			);
			runOnlyForDeploymentPostprocessing = 0;
		};
		B59996F31BE69C20005F5FF4 /* Frameworks */ = {
			isa = PBXFrameworksBuildPhase;
			buildActionMask = 2147483647;
			files = (
			);
			runOnlyForDeploymentPostprocessing = 0;
		};
/* End PBXFrameworksBuildPhase section */

/* Begin PBXGroup section */
		B59996D91BE69C20005F5FF4 = {
			isa = PBXGroup;
			children = (
				B59996E41BE69C20005F5FF4 /* HolidayCheck */,
				B59996F91BE69C20005F5FF4 /* HolidayCheckTests */,
				B59996E31BE69C20005F5FF4 /* Products */,
			);
			sourceTree = "<group>";
		};
		B59996E31BE69C20005F5FF4 /* Products */ = {
			isa = PBXGroup;
			children = (
				B59996E21BE69C20005F5FF4 /* HolidayCheck.app */,
				B59996F61BE69C20005F5FF4 /* HolidayCheckTests.xctest */,
			);
			name = Products;
			sourceTree = "<group>";
		};
		B59996E41BE69C20005F5FF4 /* HolidayCheck */ = {
			isa = PBXGroup;
			children = (
				B59996E51BE69C20005F5FF4 /* AppDelegate.swift */,
				B59996E91BE69C20005F5FF4 /* Main.storyboard */,
				B59996EC1BE69C20005F5FF4 /* Assets.xcassets */,
				B59996EE1BE69C20005F5FF4 /* LaunchScreen.storyboard */,
				B59996F11BE69C20005F5FF4 /* Info.plist */,
				B599972F1BE731D0005F5FF4 /* HolidayChecker.swift */,
				B59997051BE69C63005F5FF4 /* HolidayCheckable.swift */,
				B59997071BE69C7E005F5FF4 /* Holiday.swift */,
				B599972C1BE7284B005F5FF4 /* Holidays */,
				B59997121BE6BE6B005F5FF4 /* StatusViewController.swift */,
				B59997141BE6BE99005F5FF4 /* HolidayCheckerPickerController.swift */,
				B59997161BE6BF17005F5FF4 /* HolidayCheckerPickerController.storyboard */,
				B59997181BE6D28E005F5FF4 /* HolidayPreferences.swift */,
				B599971A1BE6D369005F5FF4 /* HolidayPreferenceStore.swift */,
			);
			path = HolidayCheck;
			sourceTree = "<group>";
		};
		B59996F91BE69C20005F5FF4 /* HolidayCheckTests */ = {
			isa = PBXGroup;
			children = (
				B59996FA1BE69C20005F5FF4 /* HolidayCheckTests.swift */,
				B59996FC1BE69C20005F5FF4 /* Info.plist */,
				B599970E1BE69F9C005F5FF4 /* ChristmasTest.swift */,
			);
			path = HolidayCheckTests;
			sourceTree = "<group>";
		};
		B599972C1BE7284B005F5FF4 /* Holidays */ = {
			isa = PBXGroup;
			children = (
				B59997101BE6A360005F5FF4 /* ChristmasHoliday.swift */,
				B599972D1BE7286F005F5FF4 /* NewYearsHoliday.swift */,
			);
			name = Holidays;
			sourceTree = "<group>";
		};
/* End PBXGroup section */

/* Begin PBXNativeTarget section */
		B59996E11BE69C20005F5FF4 /* HolidayCheck */ = {
			isa = PBXNativeTarget;
			buildConfigurationList = B59996FF1BE69C20005F5FF4 /* Build configuration list for PBXNativeTarget "HolidayCheck" */;
			buildPhases = (
				B59996DE1BE69C20005F5FF4 /* Sources */,
				B59996DF1BE69C20005F5FF4 /* Frameworks */,
				B59996E01BE69C20005F5FF4 /* Resources */,
			);
			buildRules = (
			);
			dependencies = (
			);
			name = HolidayCheck;
			productName = HolidayCheck;
			productReference = B59996E21BE69C20005F5FF4 /* HolidayCheck.app */;
			productType = "com.apple.product-type.application";
		};
		B59996F51BE69C20005F5FF4 /* HolidayCheckTests */ = {
			isa = PBXNativeTarget;
			buildConfigurationList = B59997021BE69C20005F5FF4 /* Build configuration list for PBXNativeTarget "HolidayCheckTests" */;
			buildPhases = (
				B59996F21BE69C20005F5FF4 /* Sources */,
				B59996F31BE69C20005F5FF4 /* Frameworks */,
				B59996F41BE69C20005F5FF4 /* Resources */,
			);
			buildRules = (
			);
			dependencies = (
				B59996F81BE69C20005F5FF4 /* PBXTargetDependency */,
			);
			name = HolidayCheckTests;
			productName = HolidayCheckTests;
			productReference = B59996F61BE69C20005F5FF4 /* HolidayCheckTests.xctest */;
			productType = "com.apple.product-type.bundle.unit-test";
		};
/* End PBXNativeTarget section */

/* Begin PBXProject section */
		B59996DA1BE69C20005F5FF4 /* Project object */ = {
			isa = PBXProject;
			attributes = {
				LastSwiftUpdateCheck = 0710;
				LastUpgradeCheck = 0710;
				ORGANIZATIONNAME = CodePath;
				TargetAttributes = {
					B59996E11BE69C20005F5FF4 = {
						CreatedOnToolsVersion = 7.1;
					};
					B59996F51BE69C20005F5FF4 = {
						CreatedOnToolsVersion = 7.1;
						TestTargetID = B59996E11BE69C20005F5FF4;
					};
				};
			};
			buildConfigurationList = B59996DD1BE69C20005F5FF4 /* Build configuration list for PBXProject "HolidayCheck" */;
			compatibilityVersion = "Xcode 3.2";
			developmentRegion = English;
			hasScannedForEncodings = 0;
			knownRegions = (
				en,
				Base,
			);
			mainGroup = B59996D91BE69C20005F5FF4;
			productRefGroup = B59996E31BE69C20005F5FF4 /* Products */;
			projectDirPath = "";
			projectRoot = "";
			targets = (
				B59996E11BE69C20005F5FF4 /* HolidayCheck */,
				B59996F51BE69C20005F5FF4 /* HolidayCheckTests */,
			);
		};
/* End PBXProject section */

/* Begin PBXResourcesBuildPhase section */
		B59996E01BE69C20005F5FF4 /* Resources */ = {
			isa = PBXResourcesBuildPhase;
			buildActionMask = 2147483647;
			files = (
				B59997171BE6BF17005F5FF4 /* HolidayCheckerPickerController.storyboard in Resources */,
				B59996F01BE69C20005F5FF4 /* LaunchScreen.storyboard in Resources */,
				B59996ED1BE69C20005F5FF4 /* Assets.xcassets in Resources */,
				B59996EB1BE69C20005F5FF4 /* Main.storyboard in Resources */,
			);
			runOnlyForDeploymentPostprocessing = 0;
		};
		B59996F41BE69C20005F5FF4 /* Resources */ = {
			isa = PBXResourcesBuildPhase;
			buildActionMask = 2147483647;
			files = (
			);
			runOnlyForDeploymentPostprocessing = 0;
		};
/* End PBXResourcesBuildPhase section */

/* Begin PBXSourcesBuildPhase section */
		B59996DE1BE69C20005F5FF4 /* Sources */ = {
			isa = PBXSourcesBuildPhase;
			buildActionMask = 2147483647;
			files = (
				B59997131BE6BE6B005F5FF4 /* StatusViewController.swift in Sources */,
				B599971B1BE6D369005F5FF4 /* HolidayPreferenceStore.swift in Sources */,
				B59997301BE731D0005F5FF4 /* HolidayChecker.swift in Sources */,
				B59997061BE69C63005F5FF4 /* HolidayCheckable.swift in Sources */,
				B59997111BE6A360005F5FF4 /* ChristmasHoliday.swift in Sources */,
				B59997081BE69C7E005F5FF4 /* Holiday.swift in Sources */,
				B59996E61BE69C20005F5FF4 /* AppDelegate.swift in Sources */,
				B59997151BE6BE99005F5FF4 /* HolidayCheckerPickerController.swift in Sources */,
				B599972E1BE7286F005F5FF4 /* NewYearsHoliday.swift in Sources */,
				B59997191BE6D28E005F5FF4 /* HolidayPreferences.swift in Sources */,
			);
			runOnlyForDeploymentPostprocessing = 0;
		};
		B59996F21BE69C20005F5FF4 /* Sources */ = {
			isa = PBXSourcesBuildPhase;
			buildActionMask = 2147483647;
			files = (
				B599970F1BE69F9C005F5FF4 /* ChristmasTest.swift in Sources */,
				B59996FB1BE69C20005F5FF4 /* HolidayCheckTests.swift in Sources */,
			);
			runOnlyForDeploymentPostprocessing = 0;
		};
/* End PBXSourcesBuildPhase section */

/* Begin PBXTargetDependency section */
		B59996F81BE69C20005F5FF4 /* PBXTargetDependency */ = {
			isa = PBXTargetDependency;
			target = B59996E11BE69C20005F5FF4 /* HolidayCheck */;
			targetProxy = B59996F71BE69C20005F5FF4 /* PBXContainerItemProxy */;
		};
/* End PBXTargetDependency section */

/* Begin PBXVariantGroup section */
		B59996E91BE69C20005F5FF4 /* Main.storyboard */ = {
			isa = PBXVariantGroup;
			children = (
				B59996EA1BE69C20005F5FF4 /* Base */,
			);
			name = Main.storyboard;
			sourceTree = "<group>";
		};
		B59996EE1BE69C20005F5FF4 /* LaunchScreen.storyboard */ = {
			isa = PBXVariantGroup;
			children = (
				B59996EF1BE69C20005F5FF4 /* Base */,
			);
			name = LaunchScreen.storyboard;
			sourceTree = "<group>";
		};
/* End PBXVariantGroup section */

/* Begin XCBuildConfiguration section */
		B59996FD1BE69C20005F5FF4 /* Debug */ = {
			isa = XCBuildConfiguration;
			buildSettings = {
				ALWAYS_SEARCH_USER_PATHS = NO;
				CLANG_CXX_LANGUAGE_STANDARD = "gnu++0x";
				CLANG_CXX_LIBRARY = "libc++";
				CLANG_ENABLE_MODULES = YES;
				CLANG_ENABLE_OBJC_ARC = YES;
				CLANG_WARN_BOOL_CONVERSION = YES;
				CLANG_WARN_CONSTANT_CONVERSION = YES;
				CLANG_WARN_DIRECT_OBJC_ISA_USAGE = YES_ERROR;
				CLANG_WARN_EMPTY_BODY = YES;
				CLANG_WARN_ENUM_CONVERSION = YES;
				CLANG_WARN_INT_CONVERSION = YES;
				CLANG_WARN_OBJC_ROOT_CLASS = YES_ERROR;
				CLANG_WARN_UNREACHABLE_CODE = YES;
				CLANG_WARN__DUPLICATE_METHOD_MATCH = YES;
				"CODE_SIGN_IDENTITY[sdk=iphoneos*]" = "iPhone Developer";
				COPY_PHASE_STRIP = NO;
				DEBUG_INFORMATION_FORMAT = dwarf;
				ENABLE_STRICT_OBJC_MSGSEND = YES;
				ENABLE_TESTABILITY = YES;
				GCC_C_LANGUAGE_STANDARD = gnu99;
				GCC_DYNAMIC_NO_PIC = NO;
				GCC_NO_COMMON_BLOCKS = YES;
				GCC_OPTIMIZATION_LEVEL = 0;
				GCC_PREPROCESSOR_DEFINITIONS = (
					"DEBUG=1",
					"$(inherited)",
				);
				GCC_WARN_64_TO_32_BIT_CONVERSION = YES;
				GCC_WARN_ABOUT_RETURN_TYPE = YES_ERROR;
				GCC_WARN_UNDECLARED_SELECTOR = YES;
				GCC_WARN_UNINITIALIZED_AUTOS = YES_AGGRESSIVE;
				GCC_WARN_UNUSED_FUNCTION = YES;
				GCC_WARN_UNUSED_VARIABLE = YES;
				IPHONEOS_DEPLOYMENT_TARGET = 9.1;
				MTL_ENABLE_DEBUG_INFO = YES;
				ONLY_ACTIVE_ARCH = YES;
				SDKROOT = iphoneos;
				SWIFT_OPTIMIZATION_LEVEL = "-Onone";
				TARGETED_DEVICE_FAMILY = "1,2";
			};
			name = Debug;
		};
		B59996FE1BE69C20005F5FF4 /* Release */ = {
			isa = XCBuildConfiguration;
			buildSettings = {
				ALWAYS_SEARCH_USER_PATHS = NO;
				CLANG_CXX_LANGUAGE_STANDARD = "gnu++0x";
				CLANG_CXX_LIBRARY = "libc++";
				CLANG_ENABLE_MODULES = YES;
				CLANG_ENABLE_OBJC_ARC = YES;
				CLANG_WARN_BOOL_CONVERSION = YES;
				CLANG_WARN_CONSTANT_CONVERSION = YES;
				CLANG_WARN_DIRECT_OBJC_ISA_USAGE = YES_ERROR;
				CLANG_WARN_EMPTY_BODY = YES;
				CLANG_WARN_ENUM_CONVERSION = YES;
				CLANG_WARN_INT_CONVERSION = YES;
				CLANG_WARN_OBJC_ROOT_CLASS = YES_ERROR;
				CLANG_WARN_UNREACHABLE_CODE = YES;
				CLANG_WARN__DUPLICATE_METHOD_MATCH = YES;
				"CODE_SIGN_IDENTITY[sdk=iphoneos*]" = "iPhone Developer";
				COPY_PHASE_STRIP = NO;
				DEBUG_INFORMATION_FORMAT = "dwarf-with-dsym";
				ENABLE_NS_ASSERTIONS = NO;
				ENABLE_STRICT_OBJC_MSGSEND = YES;
				GCC_C_LANGUAGE_STANDARD = gnu99;
				GCC_NO_COMMON_BLOCKS = YES;
				GCC_WARN_64_TO_32_BIT_CONVERSION = YES;
				GCC_WARN_ABOUT_RETURN_TYPE = YES_ERROR;
				GCC_WARN_UNDECLARED_SELECTOR = YES;
				GCC_WARN_UNINITIALIZED_AUTOS = YES_AGGRESSIVE;
				GCC_WARN_UNUSED_FUNCTION = YES;
				GCC_WARN_UNUSED_VARIABLE = YES;
				IPHONEOS_DEPLOYMENT_TARGET = 9.1;
				MTL_ENABLE_DEBUG_INFO = NO;
				SDKROOT = iphoneos;
				TARGETED_DEVICE_FAMILY = "1,2";
				VALIDATE_PRODUCT = YES;
			};
			name = Release;
		};
		B59997001BE69C20005F5FF4 /* Debug */ = {
			isa = XCBuildConfiguration;
			buildSettings = {
				ASSETCATALOG_COMPILER_APPICON_NAME = AppIcon;
				INFOPLIST_FILE = HolidayCheck/Info.plist;
				LD_RUNPATH_SEARCH_PATHS = "$(inherited) @executable_path/Frameworks";
				PRODUCT_BUNDLE_IDENTIFIER = com.codepath.HolidayCheck;
				PRODUCT_NAME = "$(TARGET_NAME)";
			};
			name = Debug;
		};
		B59997011BE69C20005F5FF4 /* Release */ = {
			isa = XCBuildConfiguration;
			buildSettings = {
				ASSETCATALOG_COMPILER_APPICON_NAME = AppIcon;
				INFOPLIST_FILE = HolidayCheck/Info.plist;
				LD_RUNPATH_SEARCH_PATHS = "$(inherited) @executable_path/Frameworks";
				PRODUCT_BUNDLE_IDENTIFIER = com.codepath.HolidayCheck;
				PRODUCT_NAME = "$(TARGET_NAME)";
			};
			name = Release;
		};
		B59997031BE69C20005F5FF4 /* Debug */ = {
			isa = XCBuildConfiguration;
			buildSettings = {
				BUNDLE_LOADER = "$(TEST_HOST)";
				INFOPLIST_FILE = HolidayCheckTests/Info.plist;
				LD_RUNPATH_SEARCH_PATHS = "$(inherited) @executable_path/Frameworks @loader_path/Frameworks";
				PRODUCT_BUNDLE_IDENTIFIER = com.codepath.HolidayCheckTests;
				PRODUCT_NAME = "$(TARGET_NAME)";
				TEST_HOST = "$(BUILT_PRODUCTS_DIR)/HolidayCheck.app/HolidayCheck";
			};
			name = Debug;
		};
		B59997041BE69C20005F5FF4 /* Release */ = {
			isa = XCBuildConfiguration;
			buildSettings = {
				BUNDLE_LOADER = "$(TEST_HOST)";
				INFOPLIST_FILE = HolidayCheckTests/Info.plist;
				LD_RUNPATH_SEARCH_PATHS = "$(inherited) @executable_path/Frameworks @loader_path/Frameworks";
				PRODUCT_BUNDLE_IDENTIFIER = com.codepath.HolidayCheckTests;
				PRODUCT_NAME = "$(TARGET_NAME)";
				TEST_HOST = "$(BUILT_PRODUCTS_DIR)/HolidayCheck.app/HolidayCheck";
			};
			name = Release;
		};
/* End XCBuildConfiguration section */

/* Begin XCConfigurationList section */
		B59996DD1BE69C20005F5FF4 /* Build configuration list for PBXProject "HolidayCheck" */ = {
			isa = XCConfigurationList;
			buildConfigurations = (
				B59996FD1BE69C20005F5FF4 /* Debug */,
				B59996FE1BE69C20005F5FF4 /* Release */,
			);
			defaultConfigurationIsVisible = 0;
			defaultConfigurationName = Release;
		};
		B59996FF1BE69C20005F5FF4 /* Build configuration list for PBXNativeTarget "HolidayCheck" */ = {
			isa = XCConfigurationList;
			buildConfigurations = (
				B59997001BE69C20005F5FF4 /* Debug */,
				B59997011BE69C20005F5FF4 /* Release */,
			);
			defaultConfigurationIsVisible = 0;
			defaultConfigurationName = Release;
		};
		B59997021BE69C20005F5FF4 /* Build configuration list for PBXNativeTarget "HolidayCheckTests" */ = {
			isa = XCConfigurationList;
			buildConfigurations = (
				B59997031BE69C20005F5FF4 /* Debug */,
				B59997041BE69C20005F5FF4 /* Release */,
			);
			defaultConfigurationIsVisible = 0;
			defaultConfigurationName = Release;
		};
/* End XCConfigurationList section */
	};
	rootObject = B59996DA1BE69C20005F5FF4 /* Project object */;
}
